
Microsoft Visual Studio Solution File, Format Version 12.00
# Visual Studio Version 16
VisualStudioVersion = 16.0.30225.117
MinimumVisualStudioVersion = 10.0.40219.1
Project("{FAE04EC0-301F-11D3-BF4B-00C04F79EFBC}") = "QuadrilateralApp", "QuadrilateralApp\QuadrilateralApp.csproj", "{DB1A1886-332E-4E48-A2E0-DF47BFE359EB}"
EndProject
Global
	GlobalSection(SolutionConfigurationPlatforms) = preSolution
		Debug|Any CPU = Debug|Any CPU
		Release|Any CPU = Release|Any CPU
	EndGlobalSection
	GlobalSection(ProjectConfigurationPlatforms) = postSolution
		{DB1A1886-332E-4E48-A2E0-DF47BFE359EB}.Debug|Any CPU.ActiveCfg = Debug|Any CPU
		{DB1A1886-332E-4E48-A2E0-DF47BFE359EB}.Debug|Any CPU.Build.0 = Debug|Any CPU
		{DB1A1886-332E-4E48-A2E0-DF47BFE359EB}.Release|Any CPU.ActiveCfg = Release|Any CPU
		{DB1A1886-332E-4E48-A2E0-DF47BFE359EB}.Release|Any CPU.Build.0 = Release|Any CPU
	EndGlobalSection
	GlobalSection(SolutionProperties) = preSolution
		HideSolutionNode = FALSE
	EndGlobalSection
	GlobalSection(ExtensibilityGlobals) = postSolution
		SolutionGuid = {4F22F967-3E92-4926-AFB9-9D432D95368E}
	EndGlobalSection
EndGlobal
